
Microsoft Visual Studio Solution File, Format Version 12.00
# Visual Studio 15
VisualStudioVersion = 15.0.26020.0
MinimumVisualStudioVersion = 10.0.40219.1
Project("{F2A71F9B-5D33-465A-A702-920D77279786}") = "EnumEx", "EnumEx\EnumEx.fsproj", "{572D8BD3-03EB-4DAF-8D7A-57C2490A080E}"
EndProject
Project("{FAE04EC0-301F-11D3-BF4B-00C04F79EFBC}") = "TestConsoleApp", "TestConsoleApp\TestConsoleApp.csproj", "{2783E17F-6DDE-44F6-80DA-1877763FA9D5}"
EndProject
Global
	GlobalSection(SolutionConfigurationPlatforms) = preSolution
		Debug|Any CPU = Debug|Any CPU
		Release|Any CPU = Release|Any CPU
	EndGlobalSection
	GlobalSection(ProjectConfigurationPlatforms) = postSolution
		{572D8BD3-03EB-4DAF-8D7A-57C2490A080E}.Debug|Any CPU.ActiveCfg = Debug|Any CPU
		{572D8BD3-03EB-4DAF-8D7A-57C2490A080E}.Debug|Any CPU.Build.0 = Debug|Any CPU
		{572D8BD3-03EB-4DAF-8D7A-57C2490A080E}.Release|Any CPU.ActiveCfg = Release|Any CPU
		{572D8BD3-03EB-4DAF-8D7A-57C2490A080E}.Release|Any CPU.Build.0 = Release|Any CPU
		{2783E17F-6DDE-44F6-80DA-1877763FA9D5}.Debug|Any CPU.ActiveCfg = Debug|Any CPU
		{2783E17F-6DDE-44F6-80DA-1877763FA9D5}.Debug|Any CPU.Build.0 = Debug|Any CPU
		{2783E17F-6DDE-44F6-80DA-1877763FA9D5}.Release|Any CPU.ActiveCfg = Release|Any CPU
		{2783E17F-6DDE-44F6-80DA-1877763FA9D5}.Release|Any CPU.Build.0 = Release|Any CPU
	EndGlobalSection
	GlobalSection(SolutionProperties) = preSolution
		HideSolutionNode = FALSE
	EndGlobalSection
EndGlobal
